// !$*UTF8*$!
{
	archiveVersion = 1;
	classes = {
	};
	objectVersion = 46;
	objects = {

/* Begin PBXBuildFile section */
		04316D381FD79226009DCA2E /* GameMinimalReplaceMe.cpp in Sources */ = {isa = PBXBuildFile; fileRef = A1D5F5DC16DEAAFC00664F71 /* GameMinimalReplaceMe.cpp */; };
		04316D391FD79226009DCA2E /* GameCommonHeader.cpp in Sources */ = {isa = PBXBuildFile; fileRef = A1D5F5E816DEAAFC00664F71 /* GameCommonHeader.cpp */; };
		04316D511FD792E1009DCA2E /* libMyFramework-OSX.a in Frameworks */ = {isa = PBXBuildFile; fileRef = 04316D521FD792E1009DCA2E /* libMyFramework-OSX.a */; };
		04316D551FD82737009DCA2E /* Foundation.framework in Frameworks */ = {isa = PBXBuildFile; fileRef = BF267D04151B68C6009458AE /* Foundation.framework */; };
		04316D561FD82737009DCA2E /* OpenAL.framework in Frameworks */ = {isa = PBXBuildFile; fileRef = BF27F4B91529E957000F8A5F /* OpenAL.framework */; };
		04316D5C1FD82738009DCA2E /* CoreData.framework in Frameworks */ = {isa = PBXBuildFile; fileRef = 04316D571FD82737009DCA2E /* CoreData.framework */; };
		04316D5D1FD82738009DCA2E /* Cocoa.framework in Frameworks */ = {isa = PBXBuildFile; fileRef = 04316D581FD82737009DCA2E /* Cocoa.framework */; };
		04316D5E1FD82738009DCA2E /* AppKit.framework in Frameworks */ = {isa = PBXBuildFile; fileRef = 04316D591FD82737009DCA2E /* AppKit.framework */; };
		04316D5F1FD82738009DCA2E /* CoreVideo.framework in Frameworks */ = {isa = PBXBuildFile; fileRef = 04316D5A1FD82737009DCA2E /* CoreVideo.framework */; };
		04316D601FD82738009DCA2E /* OpenGL.framework in Frameworks */ = {isa = PBXBuildFile; fileRef = 04316D5B1FD82738009DCA2E /* OpenGL.framework */; };
		04316D6C1FD828D1009DCA2E /* AppDelegate.mm in Sources */ = {isa = PBXBuildFile; fileRef = 04316D631FD828D0009DCA2E /* AppDelegate.mm */; };
		04316D6E1FD828D1009DCA2E /* Info.plist in Resources */ = {isa = PBXBuildFile; fileRef = 04316D651FD828D0009DCA2E /* Info.plist */; };
		04316D6F1FD828D1009DCA2E /* main.m in Sources */ = {isa = PBXBuildFile; fileRef = 04316D661FD828D0009DCA2E /* main.m */; };
		04316D701FD828D1009DCA2E /* MainMenu.xib in Resources */ = {isa = PBXBuildFile; fileRef = 04316D671FD828D0009DCA2E /* MainMenu.xib */; };
		04316D711FD828D1009DCA2E /* MyOpenGLView.mm in Sources */ = {isa = PBXBuildFile; fileRef = 04316D691FD828D0009DCA2E /* MyOpenGLView.mm */; };
		04316D741FD82A37009DCA2E /* MinimalReplaceMe-Info.plist in Resources */ = {isa = PBXBuildFile; fileRef = A1D5F60116DEAAFC00664F71 /* MinimalReplaceMe-Info.plist */; };
		04316D761FD88318009DCA2E /* GLKit.framework in Frameworks */ = {isa = PBXBuildFile; fileRef = BF267D08151B68C6009458AE /* GLKit.framework */; };
		04316D781FD8832D009DCA2E /* QuartzCore.framework in Frameworks */ = {isa = PBXBuildFile; fileRef = 04316D771FD8832C009DCA2E /* QuartzCore.framework */; };
		045EDF1E1A06823C007912CA /* StoreKit.framework in Frameworks */ = {isa = PBXBuildFile; fileRef = 045EDF1D1A06823C007912CA /* StoreKit.framework */; };
		A11DC47B160D2EC1006C837D /* AudioToolbox.framework in Frameworks */ = {isa = PBXBuildFile; fileRef = A11DC478160D2EC1006C837D /* AudioToolbox.framework */; };
		A11DC47C160D2EC1006C837D /* AVFoundation.framework in Frameworks */ = {isa = PBXBuildFile; fileRef = A11DC479160D2EC1006C837D /* AVFoundation.framework */; };
		A11DC47D160D2EC1006C837D /* GameKit.framework in Frameworks */ = {isa = PBXBuildFile; fileRef = A11DC47A160D2EC1006C837D /* GameKit.framework */; };
		A1D5F60F16DEAAFC00664F71 /* GameMinimalReplaceMe.cpp in Sources */ = {isa = PBXBuildFile; fileRef = A1D5F5DC16DEAAFC00664F71 /* GameMinimalReplaceMe.cpp */; };
		A1D5F61516DEAAFC00664F71 /* GameCommonHeader.cpp in Sources */ = {isa = PBXBuildFile; fileRef = A1D5F5E816DEAAFC00664F71 /* GameCommonHeader.cpp */; };
		A1D5F62116DEAAFC00664F71 /* InfoPlist.strings in Resources */ = {isa = PBXBuildFile; fileRef = A1D5F60316DEAAFC00664F71 /* InfoPlist.strings */; };
		A1D5F62216DEAAFC00664F71 /* ViewController_iPad.xib in Resources */ = {isa = PBXBuildFile; fileRef = A1D5F60516DEAAFC00664F71 /* ViewController_iPad.xib */; };
		A1D5F62316DEAAFC00664F71 /* ViewController_iPhone.xib in Resources */ = {isa = PBXBuildFile; fileRef = A1D5F60716DEAAFC00664F71 /* ViewController_iPhone.xib */; };
		A1D5F62416DEAAFC00664F71 /* main.mm in Sources */ = {isa = PBXBuildFile; fileRef = A1D5F60A16DEAAFC00664F71 /* main.mm */; };
		BF267D03151B68C6009458AE /* UIKit.framework in Frameworks */ = {isa = PBXBuildFile; fileRef = BF267D02151B68C6009458AE /* UIKit.framework */; };
		BF267D05151B68C6009458AE /* Foundation.framework in Frameworks */ = {isa = PBXBuildFile; fileRef = BF267D04151B68C6009458AE /* Foundation.framework */; };
		BF267D07151B68C6009458AE /* CoreGraphics.framework in Frameworks */ = {isa = PBXBuildFile; fileRef = BF267D06151B68C6009458AE /* CoreGraphics.framework */; };
		BF267D09151B68C6009458AE /* GLKit.framework in Frameworks */ = {isa = PBXBuildFile; fileRef = BF267D08151B68C6009458AE /* GLKit.framework */; };
		BF267D0B151B68C6009458AE /* OpenGLES.framework in Frameworks */ = {isa = PBXBuildFile; fileRef = BF267D0A151B68C6009458AE /* OpenGLES.framework */; };
		BF27F4BA1529E957000F8A5F /* OpenAL.framework in Frameworks */ = {isa = PBXBuildFile; fileRef = BF27F4B91529E957000F8A5F /* OpenAL.framework */; };
/* End PBXBuildFile section */

/* Begin PBXFileReference section */
		04316D4F1FD79226009DCA2E /* MinimalReplaceMe-OSX.app */ = {isa = PBXFileReference; explicitFileType = wrapper.application; includeInIndex = 0; path = "MinimalReplaceMe-OSX.app"; sourceTree = BUILT_PRODUCTS_DIR; };
		04316D521FD792E1009DCA2E /* libMyFramework-OSX.a */ = {isa = PBXFileReference; explicitFileType = archive.ar; path = "libMyFramework-OSX.a"; sourceTree = BUILT_PRODUCTS_DIR; };
		04316D531FD81ED5009DCA2E /* CoreFoundation.framework */ = {isa = PBXFileReference; lastKnownFileType = wrapper.framework; name = CoreFoundation.framework; path = Platforms/MacOSX.platform/Developer/SDKs/MacOSX10.13.sdk/System/Library/Frameworks/CoreFoundation.framework; sourceTree = DEVELOPER_DIR; };
		04316D571FD82737009DCA2E /* CoreData.framework */ = {isa = PBXFileReference; lastKnownFileType = wrapper.framework; name = CoreData.framework; path = System/Library/Frameworks/CoreData.framework; sourceTree = SDKROOT; };
		04316D581FD82737009DCA2E /* Cocoa.framework */ = {isa = PBXFileReference; lastKnownFileType = wrapper.framework; name = Cocoa.framework; path = System/Library/Frameworks/Cocoa.framework; sourceTree = SDKROOT; };
		04316D591FD82737009DCA2E /* AppKit.framework */ = {isa = PBXFileReference; lastKnownFileType = wrapper.framework; name = AppKit.framework; path = System/Library/Frameworks/AppKit.framework; sourceTree = SDKROOT; };
		04316D5A1FD82737009DCA2E /* CoreVideo.framework */ = {isa = PBXFileReference; lastKnownFileType = wrapper.framework; name = CoreVideo.framework; path = System/Library/Frameworks/CoreVideo.framework; sourceTree = SDKROOT; };
		04316D5B1FD82738009DCA2E /* OpenGL.framework */ = {isa = PBXFileReference; lastKnownFileType = wrapper.framework; name = OpenGL.framework; path = System/Library/Frameworks/OpenGL.framework; sourceTree = SDKROOT; };
		04316D621FD828D0009DCA2E /* AppDelegate.h */ = {isa = PBXFileReference; fileEncoding = 4; lastKnownFileType = sourcecode.c.h; path = AppDelegate.h; sourceTree = "<group>"; };
		04316D631FD828D0009DCA2E /* AppDelegate.mm */ = {isa = PBXFileReference; fileEncoding = 4; lastKnownFileType = sourcecode.cpp.objcpp; path = AppDelegate.mm; sourceTree = "<group>"; };
		04316D641FD828D0009DCA2E /* Info-wx.plist */ = {isa = PBXFileReference; fileEncoding = 4; lastKnownFileType = text.plist.xml; path = "Info-wx.plist"; sourceTree = "<group>"; };
		04316D651FD828D0009DCA2E /* Info.plist */ = {isa = PBXFileReference; fileEncoding = 4; lastKnownFileType = text.plist.xml; path = Info.plist; sourceTree = "<group>"; };
		04316D661FD828D0009DCA2E /* main.m */ = {isa = PBXFileReference; fileEncoding = 4; lastKnownFileType = sourcecode.c.objc; path = main.m; sourceTree = "<group>"; };
		04316D671FD828D0009DCA2E /* MainMenu.xib */ = {isa = PBXFileReference; fileEncoding = 4; lastKnownFileType = file.xib; path = MainMenu.xib; sourceTree = "<group>"; };
		04316D681FD828D0009DCA2E /* MyOpenGLView.h */ = {isa = PBXFileReference; fileEncoding = 4; lastKnownFileType = sourcecode.c.h; path = MyOpenGLView.h; sourceTree = "<group>"; };
		04316D691FD828D0009DCA2E /* MyOpenGLView.mm */ = {isa = PBXFileReference; fileEncoding = 4; lastKnownFileType = sourcecode.cpp.objcpp; path = MyOpenGLView.mm; sourceTree = "<group>"; };
		04316D6A1FD828D0009DCA2E /* OSXMainWx.cpp */ = {isa = PBXFileReference; fileEncoding = 4; lastKnownFileType = sourcecode.cpp.cpp; path = OSXMainWx.cpp; sourceTree = "<group>"; };
		04316D6B1FD828D0009DCA2E /* OSXMainWx.h */ = {isa = PBXFileReference; fileEncoding = 4; lastKnownFileType = sourcecode.c.h; path = OSXMainWx.h; sourceTree = "<group>"; };
		04316D751FD88180009DCA2E /* Data */ = {isa = PBXFileReference; lastKnownFileType = folder; path = Data; sourceTree = "<group>"; };
		04316D771FD8832C009DCA2E /* QuartzCore.framework */ = {isa = PBXFileReference; lastKnownFileType = wrapper.framework; name = QuartzCore.framework; path = System/Library/Frameworks/QuartzCore.framework; sourceTree = SDKROOT; };
		045EDF1D1A06823C007912CA /* StoreKit.framework */ = {isa = PBXFileReference; lastKnownFileType = wrapper.framework; name = StoreKit.framework; path = Platforms/iPhoneOS.platform/Developer/SDKs/iPhoneOS.sdk/System/Library/Frameworks/StoreKit.framework; sourceTree = DEVELOPER_DIR; };
		A11DC478160D2EC1006C837D /* AudioToolbox.framework */ = {isa = PBXFileReference; lastKnownFileType = wrapper.framework; name = AudioToolbox.framework; path = System/Library/Frameworks/AudioToolbox.framework; sourceTree = SDKROOT; };
		A11DC479160D2EC1006C837D /* AVFoundation.framework */ = {isa = PBXFileReference; lastKnownFileType = wrapper.framework; name = AVFoundation.framework; path = System/Library/Frameworks/AVFoundation.framework; sourceTree = SDKROOT; };
		A11DC47A160D2EC1006C837D /* GameKit.framework */ = {isa = PBXFileReference; lastKnownFileType = wrapper.framework; name = GameKit.framework; path = System/Library/Frameworks/GameKit.framework; sourceTree = SDKROOT; };
		A1D5F5DC16DEAAFC00664F71 /* GameMinimalReplaceMe.cpp */ = {isa = PBXFileReference; fileEncoding = 4; lastKnownFileType = sourcecode.cpp.cpp; path = GameMinimalReplaceMe.cpp; sourceTree = "<group>"; };
		A1D5F5DD16DEAAFC00664F71 /* GameMinimalReplaceMe.h */ = {isa = PBXFileReference; fileEncoding = 4; lastKnownFileType = sourcecode.c.h; path = GameMinimalReplaceMe.h; sourceTree = "<group>"; };
		A1D5F5E816DEAAFC00664F71 /* GameCommonHeader.cpp */ = {isa = PBXFileReference; fileEncoding = 4; lastKnownFileType = sourcecode.cpp.cpp; path = GameCommonHeader.cpp; sourceTree = "<group>"; };
		A1D5F5E916DEAAFC00664F71 /* GameCommonHeader.h */ = {isa = PBXFileReference; fileEncoding = 4; lastKnownFileType = sourcecode.c.h; path = GameCommonHeader.h; sourceTree = "<group>"; };
		A1D5F60116DEAAFC00664F71 /* MinimalReplaceMe-Info.plist */ = {isa = PBXFileReference; fileEncoding = 4; lastKnownFileType = text.plist.xml; path = "MinimalReplaceMe-Info.plist"; sourceTree = "<group>"; };
		A1D5F60416DEAAFC00664F71 /* en */ = {isa = PBXFileReference; lastKnownFileType = text.plist.strings; name = en; path = en.lproj/InfoPlist.strings; sourceTree = "<group>"; };
		A1D5F60616DEAAFC00664F71 /* en */ = {isa = PBXFileReference; lastKnownFileType = file.xib; name = en; path = en.lproj/ViewController_iPad.xib; sourceTree = "<group>"; };
		A1D5F60816DEAAFC00664F71 /* en */ = {isa = PBXFileReference; lastKnownFileType = file.xib; name = en; path = en.lproj/ViewController_iPhone.xib; sourceTree = "<group>"; };
		A1D5F60916DEAAFC00664F71 /* main.h */ = {isa = PBXFileReference; fileEncoding = 4; lastKnownFileType = sourcecode.c.h; path = main.h; sourceTree = "<group>"; };
		A1D5F60A16DEAAFC00664F71 /* main.mm */ = {isa = PBXFileReference; fileEncoding = 4; lastKnownFileType = sourcecode.cpp.objcpp; path = main.mm; sourceTree = "<group>"; };
		BF267CFE151B68C6009458AE /* MinimalReplaceMe-iOS.app */ = {isa = PBXFileReference; explicitFileType = wrapper.application; includeInIndex = 0; path = "MinimalReplaceMe-iOS.app"; sourceTree = BUILT_PRODUCTS_DIR; };
		BF267D02151B68C6009458AE /* UIKit.framework */ = {isa = PBXFileReference; lastKnownFileType = wrapper.framework; name = UIKit.framework; path = System/Library/Frameworks/UIKit.framework; sourceTree = SDKROOT; };
		BF267D04151B68C6009458AE /* Foundation.framework */ = {isa = PBXFileReference; lastKnownFileType = wrapper.framework; name = Foundation.framework; path = System/Library/Frameworks/Foundation.framework; sourceTree = SDKROOT; };
		BF267D06151B68C6009458AE /* CoreGraphics.framework */ = {isa = PBXFileReference; lastKnownFileType = wrapper.framework; name = CoreGraphics.framework; path = System/Library/Frameworks/CoreGraphics.framework; sourceTree = SDKROOT; };
		BF267D08151B68C6009458AE /* GLKit.framework */ = {isa = PBXFileReference; lastKnownFileType = wrapper.framework; name = GLKit.framework; path = System/Library/Frameworks/GLKit.framework; sourceTree = SDKROOT; };
		BF267D0A151B68C6009458AE /* OpenGLES.framework */ = {isa = PBXFileReference; lastKnownFileType = wrapper.framework; name = OpenGLES.framework; path = System/Library/Frameworks/OpenGLES.framework; sourceTree = SDKROOT; };
		BF27F4B91529E957000F8A5F /* OpenAL.framework */ = {isa = PBXFileReference; lastKnownFileType = wrapper.framework; name = OpenAL.framework; path = System/Library/Frameworks/OpenAL.framework; sourceTree = SDKROOT; };
/* End PBXFileReference section */

/* Begin PBXFrameworksBuildPhase section */
		04316D3B1FD79226009DCA2E /* Frameworks */ = {
			isa = PBXFrameworksBuildPhase;
			buildActionMask = 2147483647;
			files = (
				04316D511FD792E1009DCA2E /* libMyFramework-OSX.a in Frameworks */,
				04316D781FD8832D009DCA2E /* QuartzCore.framework in Frameworks */,
				04316D761FD88318009DCA2E /* GLKit.framework in Frameworks */,
				04316D5C1FD82738009DCA2E /* CoreData.framework in Frameworks */,
				04316D5D1FD82738009DCA2E /* Cocoa.framework in Frameworks */,
				04316D5E1FD82738009DCA2E /* AppKit.framework in Frameworks */,
				04316D5F1FD82738009DCA2E /* CoreVideo.framework in Frameworks */,
				04316D601FD82738009DCA2E /* OpenGL.framework in Frameworks */,
				04316D551FD82737009DCA2E /* Foundation.framework in Frameworks */,
				04316D561FD82737009DCA2E /* OpenAL.framework in Frameworks */,
			);
			runOnlyForDeploymentPostprocessing = 0;
		};
		BF267CFB151B68C6009458AE /* Frameworks */ = {
			isa = PBXFrameworksBuildPhase;
			buildActionMask = 2147483647;
			files = (
				BF27F4BA1529E957000F8A5F /* OpenAL.framework in Frameworks */,
				BF267D03151B68C6009458AE /* UIKit.framework in Frameworks */,
				BF267D05151B68C6009458AE /* Foundation.framework in Frameworks */,
				BF267D07151B68C6009458AE /* CoreGraphics.framework in Frameworks */,
				BF267D09151B68C6009458AE /* GLKit.framework in Frameworks */,
				BF267D0B151B68C6009458AE /* OpenGLES.framework in Frameworks */,
				A11DC47B160D2EC1006C837D /* AudioToolbox.framework in Frameworks */,
				A11DC47C160D2EC1006C837D /* AVFoundation.framework in Frameworks */,
				A11DC47D160D2EC1006C837D /* GameKit.framework in Frameworks */,
				045EDF1E1A06823C007912CA /* StoreKit.framework in Frameworks */,
			);
			runOnlyForDeploymentPostprocessing = 0;
		};
/* End PBXFrameworksBuildPhase section */

/* Begin PBXGroup section */
		04316D611FD828D0009DCA2E /* SourceOSX */ = {
			isa = PBXGroup;
			children = (
				04316D621FD828D0009DCA2E /* AppDelegate.h */,
				04316D631FD828D0009DCA2E /* AppDelegate.mm */,
				04316D641FD828D0009DCA2E /* Info-wx.plist */,
				04316D651FD828D0009DCA2E /* Info.plist */,
				04316D661FD828D0009DCA2E /* main.m */,
				04316D671FD828D0009DCA2E /* MainMenu.xib */,
				04316D681FD828D0009DCA2E /* MyOpenGLView.h */,
				04316D691FD828D0009DCA2E /* MyOpenGLView.mm */,
				04316D6A1FD828D0009DCA2E /* OSXMainWx.cpp */,
				04316D6B1FD828D0009DCA2E /* OSXMainWx.h */,
			);
			path = SourceOSX;
			sourceTree = "<group>";
		};
		A1D5F5D616DEAAFC00664F71 /* SourceCommon */ = {
			isa = PBXGroup;
			children = (
				A1D5F5D716DEAAFC00664F71 /* Core */,
				A1D5F5E816DEAAFC00664F71 /* GameCommonHeader.cpp */,
				A1D5F5E916DEAAFC00664F71 /* GameCommonHeader.h */,
			);
			path = SourceCommon;
			sourceTree = "<group>";
		};
		A1D5F5D716DEAAFC00664F71 /* Core */ = {
			isa = PBXGroup;
			children = (
				A1D5F5DC16DEAAFC00664F71 /* GameMinimalReplaceMe.cpp */,
				A1D5F5DD16DEAAFC00664F71 /* GameMinimalReplaceMe.h */,
			);
			path = Core;
			sourceTree = "<group>";
		};
		A1D5F5FE16DEAAFC00664F71 /* SourceIOS */ = {
			isa = PBXGroup;
			children = (
				A1D5F60116DEAAFC00664F71 /* MinimalReplaceMe-Info.plist */,
				A1D5F60316DEAAFC00664F71 /* InfoPlist.strings */,
				A1D5F60516DEAAFC00664F71 /* ViewController_iPad.xib */,
				A1D5F60716DEAAFC00664F71 /* ViewController_iPhone.xib */,
				A1D5F60916DEAAFC00664F71 /* main.h */,
				A1D5F60A16DEAAFC00664F71 /* main.mm */,
			);
			path = SourceIOS;
			sourceTree = "<group>";
		};
		BF267CF3151B68C6009458AE = {
			isa = PBXGroup;
			children = (
				04316D751FD88180009DCA2E /* Data */,
				04316D611FD828D0009DCA2E /* SourceOSX */,
				A1D5F5D616DEAAFC00664F71 /* SourceCommon */,
				A1D5F5FE16DEAAFC00664F71 /* SourceIOS */,
				BF267D01151B68C6009458AE /* Frameworks */,
				BF267CFF151B68C6009458AE /* Products */,
			);
			sourceTree = "<group>";
		};
		BF267CFF151B68C6009458AE /* Products */ = {
			isa = PBXGroup;
			children = (
				BF267CFE151B68C6009458AE /* MinimalReplaceMe-iOS.app */,
				04316D4F1FD79226009DCA2E /* MinimalReplaceMe-OSX.app */,
			);
			name = Products;
			sourceTree = "<group>";
		};
		BF267D01151B68C6009458AE /* Frameworks */ = {
			isa = PBXGroup;
			children = (
				04316D521FD792E1009DCA2E /* libMyFramework-OSX.a */,
				04316D771FD8832C009DCA2E /* QuartzCore.framework */,
				04316D591FD82737009DCA2E /* AppKit.framework */,
				04316D581FD82737009DCA2E /* Cocoa.framework */,
				04316D571FD82737009DCA2E /* CoreData.framework */,
				04316D5A1FD82737009DCA2E /* CoreVideo.framework */,
				04316D5B1FD82738009DCA2E /* OpenGL.framework */,
				04316D531FD81ED5009DCA2E /* CoreFoundation.framework */,
				045EDF1D1A06823C007912CA /* StoreKit.framework */,
				A11DC478160D2EC1006C837D /* AudioToolbox.framework */,
				A11DC479160D2EC1006C837D /* AVFoundation.framework */,
				A11DC47A160D2EC1006C837D /* GameKit.framework */,
				BF27F4B91529E957000F8A5F /* OpenAL.framework */,
				BF267D02151B68C6009458AE /* UIKit.framework */,
				BF267D04151B68C6009458AE /* Foundation.framework */,
				BF267D06151B68C6009458AE /* CoreGraphics.framework */,
				BF267D08151B68C6009458AE /* GLKit.framework */,
				BF267D0A151B68C6009458AE /* OpenGLES.framework */,
			);
			name = Frameworks;
			sourceTree = "<group>";
		};
/* End PBXGroup section */

/* Begin PBXNativeTarget section */
		04316D361FD79226009DCA2E /* MinimalReplaceMe-OSX */ = {
			isa = PBXNativeTarget;
			buildConfigurationList = 04316D4C1FD79226009DCA2E /* Build configuration list for PBXNativeTarget "MinimalReplaceMe-OSX" */;
			buildPhases = (
				04316D371FD79226009DCA2E /* Sources */,
				04316D3B1FD79226009DCA2E /* Frameworks */,
				04316D471FD79226009DCA2E /* Resources */,
				04316D4B1FD79226009DCA2E /* ShellScript */,
			);
			buildRules = (
			);
			dependencies = (
			);
			name = "MinimalReplaceMe-OSX";
			productName = MinimalReplaceMe;
			productReference = 04316D4F1FD79226009DCA2E /* MinimalReplaceMe-OSX.app */;
			productType = "com.apple.product-type.application";
		};
		BF267CFD151B68C6009458AE /* MinimalReplaceMe-iOS */ = {
			isa = PBXNativeTarget;
			buildConfigurationList = BF267D27151B68C6009458AE /* Build configuration list for PBXNativeTarget "MinimalReplaceMe-iOS" */;
			buildPhases = (
				BF267CFA151B68C6009458AE /* Sources */,
				BF267CFB151B68C6009458AE /* Frameworks */,
				BF267CFC151B68C6009458AE /* Resources */,
				BF71EB1A151BFE01009F0CD9 /* ShellScript */,
			);
			buildRules = (
			);
			dependencies = (
			);
			name = "MinimalReplaceMe-iOS";
			productName = MinimalReplaceMe;
			productReference = BF267CFE151B68C6009458AE /* MinimalReplaceMe-iOS.app */;
			productType = "com.apple.product-type.application";
		};
/* End PBXNativeTarget section */

/* Begin PBXProject section */
		BF267CF5151B68C6009458AE /* Project object */ = {
			isa = PBXProject;
			attributes = {
				LastUpgradeCheck = 0610;
			};
			buildConfigurationList = BF267CF8151B68C6009458AE /* Build configuration list for PBXProject "MinimalReplaceMe" */;
			compatibilityVersion = "Xcode 3.2";
			developmentRegion = English;
			hasScannedForEncodings = 0;
			knownRegions = (
				en,
			);
			mainGroup = BF267CF3151B68C6009458AE;
			productRefGroup = BF267CFF151B68C6009458AE /* Products */;
			projectDirPath = "";
			projectRoot = "";
			targets = (
				BF267CFD151B68C6009458AE /* MinimalReplaceMe-iOS */,
				04316D361FD79226009DCA2E /* MinimalReplaceMe-OSX */,
			);
		};
/* End PBXProject section */

/* Begin PBXResourcesBuildPhase section */
		04316D471FD79226009DCA2E /* Resources */ = {
			isa = PBXResourcesBuildPhase;
			buildActionMask = 2147483647;
			files = (
				04316D6E1FD828D1009DCA2E /* Info.plist in Resources */,
				04316D701FD828D1009DCA2E /* MainMenu.xib in Resources */,
			);
			runOnlyForDeploymentPostprocessing = 0;
		};
		BF267CFC151B68C6009458AE /* Resources */ = {
			isa = PBXResourcesBuildPhase;
			buildActionMask = 2147483647;
			files = (
				A1D5F62116DEAAFC00664F71 /* InfoPlist.strings in Resources */,
				A1D5F62216DEAAFC00664F71 /* ViewController_iPad.xib in Resources */,
				A1D5F62316DEAAFC00664F71 /* ViewController_iPhone.xib in Resources */,
				04316D741FD82A37009DCA2E /* MinimalReplaceMe-Info.plist in Resources */,
			);
			runOnlyForDeploymentPostprocessing = 0;
		};
/* End PBXResourcesBuildPhase section */

/* Begin PBXShellScriptBuildPhase section */
		04316D4B1FD79226009DCA2E /* ShellScript */ = {
			isa = PBXShellScriptBuildPhase;
			buildActionMask = 2147483647;
			files = (
			);
			inputPaths = (
			);
			outputPaths = (
			);
			runOnlyForDeploymentPostprocessing = 0;
			shellPath = /bin/sh;
			shellScript = "touch -cm ${SRCROOT}/Data";
			showEnvVarsInLog = 0;
		};
		BF71EB1A151BFE01009F0CD9 /* ShellScript */ = {
			isa = PBXShellScriptBuildPhase;
			buildActionMask = 2147483647;
			files = (
			);
			inputPaths = (
			);
			outputPaths = (
			);
			runOnlyForDeploymentPostprocessing = 0;
			shellPath = /bin/sh;
			shellScript = "touch -cm ${SRCROOT}/Data";
		};
/* End PBXShellScriptBuildPhase section */

/* Begin PBXSourcesBuildPhase section */
		04316D371FD79226009DCA2E /* Sources */ = {
			isa = PBXSourcesBuildPhase;
			buildActionMask = 2147483647;
			files = (
				04316D381FD79226009DCA2E /* GameMinimalReplaceMe.cpp in Sources */,
				04316D6C1FD828D1009DCA2E /* AppDelegate.mm in Sources */,
				04316D711FD828D1009DCA2E /* MyOpenGLView.mm in Sources */,
				04316D6F1FD828D1009DCA2E /* main.m in Sources */,
				04316D391FD79226009DCA2E /* GameCommonHeader.cpp in Sources */,
			);
			runOnlyForDeploymentPostprocessing = 0;
		};
		BF267CFA151B68C6009458AE /* Sources */ = {
			isa = PBXSourcesBuildPhase;
			buildActionMask = 2147483647;
			files = (
				A1D5F60F16DEAAFC00664F71 /* GameMinimalReplaceMe.cpp in Sources */,
				A1D5F61516DEAAFC00664F71 /* GameCommonHeader.cpp in Sources */,
				A1D5F62416DEAAFC00664F71 /* main.mm in Sources */,
			);
			runOnlyForDeploymentPostprocessing = 0;
		};
/* End PBXSourcesBuildPhase section */

/* Begin PBXVariantGroup section */
		A1D5F60316DEAAFC00664F71 /* InfoPlist.strings */ = {
			isa = PBXVariantGroup;
			children = (
				A1D5F60416DEAAFC00664F71 /* en */,
			);
			name = InfoPlist.strings;
			sourceTree = "<group>";
		};
		A1D5F60516DEAAFC00664F71 /* ViewController_iPad.xib */ = {
			isa = PBXVariantGroup;
			children = (
				A1D5F60616DEAAFC00664F71 /* en */,
			);
			name = ViewController_iPad.xib;
			sourceTree = "<group>";
		};
		A1D5F60716DEAAFC00664F71 /* ViewController_iPhone.xib */ = {
			isa = PBXVariantGroup;
			children = (
				A1D5F60816DEAAFC00664F71 /* en */,
			);
			name = ViewController_iPhone.xib;
			sourceTree = "<group>";
		};
/* End PBXVariantGroup section */

/* Begin XCBuildConfiguration section */
		04316D4D1FD79226009DCA2E /* Debug */ = {
			isa = XCBuildConfiguration;
			buildSettings = {
				GCC_PREPROCESSOR_DEFINITIONS = (
					"$(inherited)",
					"MYFW_OSX=1",
				);
				INFOPLIST_FILE = SourceOSX/Info.plist;
				PRODUCT_NAME = "$(TARGET_NAME)";
				SDKROOT = macosx;
			};
			name = Debug;
		};
		04316D4E1FD79226009DCA2E /* Release */ = {
			isa = XCBuildConfiguration;
			buildSettings = {
				GCC_PREPROCESSOR_DEFINITIONS = (
					"$(inherited)",
					"MYFW_OSX=1",
				);
				INFOPLIST_FILE = SourceOSX/Info.plist;
				PRODUCT_NAME = "$(TARGET_NAME)";
				SDKROOT = macosx;
			};
			name = Release;
		};
		BF267D25151B68C6009458AE /* Debug */ = {
			isa = XCBuildConfiguration;
			buildSettings = {
				ENABLE_STRICT_OBJC_MSGSEND = YES;
				GCC_C_LANGUAGE_STANDARD = gnu99;
				GCC_OPTIMIZATION_LEVEL = 0;
				GCC_PREPROCESSOR_DEFINITIONS = "_DEBUG=1";
				GCC_VERSION = com.apple.compilers.llvm.clang.1_0;
				IPHONEOS_DEPLOYMENT_TARGET = 5.1;
				MACOSX_DEPLOYMENT_TARGET = 10.7;
				TARGETED_DEVICE_FAMILY = "1,2";
				USER_HEADER_SEARCH_PATHS = ". ../../Framework/Libraries/b2Settings ../../Framework/Libraries/Box2D/Box2D";
			};
			name = Debug;
		};
		BF267D26151B68C6009458AE /* Release */ = {
			isa = XCBuildConfiguration;
			buildSettings = {
				ENABLE_STRICT_OBJC_MSGSEND = YES;
				GCC_C_LANGUAGE_STANDARD = gnu99;
				GCC_PREPROCESSOR_DEFINITIONS = "";
				GCC_VERSION = com.apple.compilers.llvm.clang.1_0;
				IPHONEOS_DEPLOYMENT_TARGET = 5.1;
				MACOSX_DEPLOYMENT_TARGET = 10.7;
				OTHER_CFLAGS = "-DNS_BLOCK_ASSERTIONS=1";
				TARGETED_DEVICE_FAMILY = "1,2";
				USER_HEADER_SEARCH_PATHS = ". ../../Framework/Libraries/b2Settings ../../Framework/Libraries/Box2D/Box2D";
			};
			name = Release;
		};
		BF267D28151B68C6009458AE /* Debug */ = {
			isa = XCBuildConfiguration;
			buildSettings = {
				"CODE_SIGN_IDENTITY[sdk=iphoneos*]" = "iPhone Developer";
				COMPRESS_PNG_FILES = NO;
				FRAMEWORK_SEARCH_PATHS = (
					"$(inherited)",
					"$(DEVELOPER_DIR)/Platforms/iPhoneOS.platform/Developer/SDKs/iPhoneOS.sdk/System/Library/Frameworks",
				);
				GCC_PRECOMPILE_PREFIX_HEADER = YES;
				GCC_PREFIX_HEADER = "SourceIOS/MinimalReplaceMe-Prefix.pch";
				GCC_PREPROCESSOR_DEFINITIONS = (
					"$(inherited)",
					"MYFW_IOS=1",
				);
				"GCC_THUMB_SUPPORT[arch=armv6]" = "";
				INFOPLIST_FILE = "SourceIOS/MinimalReplaceMe-Info.plist";
				IPHONEOS_DEPLOYMENT_TARGET = 4.3;
				PRODUCT_NAME = "MinimalReplaceMe-iOS";
				"PROVISIONING_PROFILE[sdk=iphoneos*]" = "";
				TARGETED_DEVICE_FAMILY = "1,2";
				USER_HEADER_SEARCH_PATHS = "./SourceCommon .";
			};
			name = Debug;
		};
		BF267D29151B68C6009458AE /* Release */ = {
			isa = XCBuildConfiguration;
			buildSettings = {
				"CODE_SIGN_IDENTITY[sdk=iphoneos*]" = "iPhone Developer";
				COMPRESS_PNG_FILES = NO;
				FRAMEWORK_SEARCH_PATHS = (
					"$(inherited)",
					"$(DEVELOPER_DIR)/Platforms/iPhoneOS.platform/Developer/SDKs/iPhoneOS.sdk/System/Library/Frameworks",
				);
				GCC_PRECOMPILE_PREFIX_HEADER = YES;
				GCC_PREFIX_HEADER = "SourceIOS/MinimalReplaceMe-Prefix.pch";
				GCC_PREPROCESSOR_DEFINITIONS = (
					"$(inherited)",
					"MYFW_IOS=1",
				);
				"GCC_THUMB_SUPPORT[arch=armv6]" = "";
				INFOPLIST_FILE = "SourceIOS/MinimalReplaceMe-Info.plist";
				IPHONEOS_DEPLOYMENT_TARGET = 4.3;
				PRODUCT_NAME = "MinimalReplaceMe-iOS";
				"PROVISIONING_PROFILE[sdk=iphoneos*]" = "";
				TARGETED_DEVICE_FAMILY = "1,2";
				USER_HEADER_SEARCH_PATHS = "./SourceCommon .";
			};
			name = Release;
		};
/* End XCBuildConfiguration section */

/* Begin XCConfigurationList section */
		04316D4C1FD79226009DCA2E /* Build configuration list for PBXNativeTarget "MinimalReplaceMe-OSX" */ = {
			isa = XCConfigurationList;
			buildConfigurations = (
				04316D4D1FD79226009DCA2E /* Debug */,
				04316D4E1FD79226009DCA2E /* Release */,
			);
			defaultConfigurationIsVisible = 0;
			defaultConfigurationName = Release;
		};
		BF267CF8151B68C6009458AE /* Build configuration list for PBXProject "MinimalReplaceMe" */ = {
			isa = XCConfigurationList;
			buildConfigurations = (
				BF267D25151B68C6009458AE /* Debug */,
				BF267D26151B68C6009458AE /* Release */,
			);
			defaultConfigurationIsVisible = 0;
			defaultConfigurationName = Release;
		};
		BF267D27151B68C6009458AE /* Build configuration list for PBXNativeTarget "MinimalReplaceMe-iOS" */ = {
			isa = XCConfigurationList;
			buildConfigurations = (
				BF267D28151B68C6009458AE /* Debug */,
				BF267D29151B68C6009458AE /* Release */,
			);
			defaultConfigurationIsVisible = 0;
			defaultConfigurationName = Release;
		};
/* End XCConfigurationList section */
	};
	rootObject = BF267CF5151B68C6009458AE /* Project object */;
}
