// !$*UTF8*$!
{
	archiveVersion = 1;
	classes = {
	};
	objectVersion = 46;
	objects = {

/* Begin PBXBuildFile section */
		A11DC47B160D2EC1006C837D /* AudioToolbox.framework in Frameworks */ = {isa = PBXBuildFile; fileRef = A11DC478160D2EC1006C837D /* AudioToolbox.framework */; };
		A11DC47C160D2EC1006C837D /* AVFoundation.framework in Frameworks */ = {isa = PBXBuildFile; fileRef = A11DC479160D2EC1006C837D /* AVFoundation.framework */; };
		A11DC47D160D2EC1006C837D /* GameKit.framework in Frameworks */ = {isa = PBXBuildFile; fileRef = A11DC47A160D2EC1006C837D /* GameKit.framework */; };
		A1D5F60D16DEAAFC00664F71 /* Achievements.cpp in Sources */ = {isa = PBXBuildFile; fileRef = A1D5F5D816DEAAFC00664F71 /* Achievements.cpp */; };
		A1D5F60E16DEAAFC00664F71 /* GameAudio.cpp in Sources */ = {isa = PBXBuildFile; fileRef = A1D5F5DA16DEAAFC00664F71 /* GameAudio.cpp */; };
		A1D5F60F16DEAAFC00664F71 /* GameMinimalReplaceMe.cpp in Sources */ = {isa = PBXBuildFile; fileRef = A1D5F5DC16DEAAFC00664F71 /* GameMinimalReplaceMe.cpp */; };
		A1D5F61016DEAAFC00664F71 /* InputFinger.cpp in Sources */ = {isa = PBXBuildFile; fileRef = A1D5F5DE16DEAAFC00664F71 /* InputFinger.cpp */; };
		A1D5F61116DEAAFC00664F71 /* ProfileManager.cpp in Sources */ = {isa = PBXBuildFile; fileRef = A1D5F5E016DEAAFC00664F71 /* ProfileManager.cpp */; };
		A1D5F61216DEAAFC00664F71 /* ResourceManager.cpp in Sources */ = {isa = PBXBuildFile; fileRef = A1D5F5E216DEAAFC00664F71 /* ResourceManager.cpp */; };
		A1D5F61316DEAAFC00664F71 /* ScreenOverlays.cpp in Sources */ = {isa = PBXBuildFile; fileRef = A1D5F5E416DEAAFC00664F71 /* ScreenOverlays.cpp */; };
		A1D5F61416DEAAFC00664F71 /* Stats.cpp in Sources */ = {isa = PBXBuildFile; fileRef = A1D5F5E616DEAAFC00664F71 /* Stats.cpp */; };
		A1D5F61516DEAAFC00664F71 /* GameCommonHeader.cpp in Sources */ = {isa = PBXBuildFile; fileRef = A1D5F5E816DEAAFC00664F71 /* GameCommonHeader.cpp */; };
		A1D5F61616DEAAFC00664F71 /* GameType_MinimalReplaceMe.cpp in Sources */ = {isa = PBXBuildFile; fileRef = A1D5F5EB16DEAAFC00664F71 /* GameType_MinimalReplaceMe.cpp */; };
		A1D5F61716DEAAFC00664F71 /* GameType_Selector.cpp in Sources */ = {isa = PBXBuildFile; fileRef = A1D5F5ED16DEAAFC00664F71 /* GameType_Selector.cpp */; };
		A1D5F61816DEAAFC00664F71 /* Screen_Achievements.cpp in Sources */ = {isa = PBXBuildFile; fileRef = A1D5F5F016DEAAFC00664F71 /* Screen_Achievements.cpp */; };
		A1D5F61916DEAAFC00664F71 /* Screen_HowToPlay.cpp in Sources */ = {isa = PBXBuildFile; fileRef = A1D5F5F216DEAAFC00664F71 /* Screen_HowToPlay.cpp */; };
		A1D5F61A16DEAAFC00664F71 /* Screen_LevelSelect.cpp in Sources */ = {isa = PBXBuildFile; fileRef = A1D5F5F416DEAAFC00664F71 /* Screen_LevelSelect.cpp */; };
		A1D5F61B16DEAAFC00664F71 /* Screen_Loading.cpp in Sources */ = {isa = PBXBuildFile; fileRef = A1D5F5F616DEAAFC00664F71 /* Screen_Loading.cpp */; };
		A1D5F61C16DEAAFC00664F71 /* Screen_Login.cpp in Sources */ = {isa = PBXBuildFile; fileRef = A1D5F5F816DEAAFC00664F71 /* Screen_Login.cpp */; };
		A1D5F61D16DEAAFC00664F71 /* Screen_Pause.cpp in Sources */ = {isa = PBXBuildFile; fileRef = A1D5F5FA16DEAAFC00664F71 /* Screen_Pause.cpp */; };
		A1D5F61E16DEAAFC00664F71 /* Screen_Stats.cpp in Sources */ = {isa = PBXBuildFile; fileRef = A1D5F5FC16DEAAFC00664F71 /* Screen_Stats.cpp */; };
		A1D5F62116DEAAFC00664F71 /* InfoPlist.strings in Resources */ = {isa = PBXBuildFile; fileRef = A1D5F60316DEAAFC00664F71 /* InfoPlist.strings */; };
		A1D5F62216DEAAFC00664F71 /* ViewController_iPad.xib in Resources */ = {isa = PBXBuildFile; fileRef = A1D5F60516DEAAFC00664F71 /* ViewController_iPad.xib */; };
		A1D5F62316DEAAFC00664F71 /* ViewController_iPhone.xib in Resources */ = {isa = PBXBuildFile; fileRef = A1D5F60716DEAAFC00664F71 /* ViewController_iPhone.xib */; };
		A1D5F62416DEAAFC00664F71 /* main.mm in Sources */ = {isa = PBXBuildFile; fileRef = A1D5F60A16DEAAFC00664F71 /* main.mm */; };
		A1D5F65316DEAB0900664F71 /* ScoreChunk.cpp in Sources */ = {isa = PBXBuildFile; fileRef = A1D5F62816DEAB0900664F71 /* ScoreChunk.cpp */; };
		A1D5F65416DEAB0900664F71 /* Camera2D.cpp in Sources */ = {isa = PBXBuildFile; fileRef = A1D5F62B16DEAB0900664F71 /* Camera2D.cpp */; };
		A1D5F65516DEAB0900664F71 /* Camera3D.cpp in Sources */ = {isa = PBXBuildFile; fileRef = A1D5F62D16DEAB0900664F71 /* Camera3D.cpp */; };
		A1D5F65616DEAB0900664F71 /* RenderTextQuick.cpp in Sources */ = {isa = PBXBuildFile; fileRef = A1D5F63016DEAB0900664F71 /* RenderTextQuick.cpp */; };
		A1D5F65716DEAB0900664F71 /* Effect_Base.cpp in Sources */ = {isa = PBXBuildFile; fileRef = A1D5F63316DEAB0900664F71 /* Effect_Base.cpp */; };
		A1D5F65816DEAB0900664F71 /* Effect_ParticleBurst.cpp in Sources */ = {isa = PBXBuildFile; fileRef = A1D5F63516DEAB0900664F71 /* Effect_ParticleBurst.cpp */; };
		A1D5F65916DEAB0900664F71 /* Effect_ParticleRisingGlow.cpp in Sources */ = {isa = PBXBuildFile; fileRef = A1D5F63716DEAB0900664F71 /* Effect_ParticleRisingGlow.cpp */; };
		A1D5F65A16DEAB0900664F71 /* Effect_SunRay.cpp in Sources */ = {isa = PBXBuildFile; fileRef = A1D5F63916DEAB0900664F71 /* Effect_SunRay.cpp */; };
		A1D5F65B16DEAB0900664F71 /* LanguageTable.cpp in Sources */ = {isa = PBXBuildFile; fileRef = A1D5F63C16DEAB0900664F71 /* LanguageTable.cpp */; };
		A1D5F65C16DEAB0900664F71 /* MenuButton.cpp in Sources */ = {isa = PBXBuildFile; fileRef = A1D5F63E16DEAB0900664F71 /* MenuButton.cpp */; };
		A1D5F65D16DEAB0900664F71 /* MenuCheckBox.cpp in Sources */ = {isa = PBXBuildFile; fileRef = A1D5F64016DEAB0900664F71 /* MenuCheckBox.cpp */; };
		A1D5F65E16DEAB0900664F71 /* MenuDraggableButton.cpp in Sources */ = {isa = PBXBuildFile; fileRef = A1D5F64216DEAB0900664F71 /* MenuDraggableButton.cpp */; };
		A1D5F65F16DEAB0900664F71 /* MenuInputBox.cpp in Sources */ = {isa = PBXBuildFile; fileRef = A1D5F64416DEAB0900664F71 /* MenuInputBox.cpp */; };
		A1D5F66016DEAB0900664F71 /* MenuItem.cpp in Sources */ = {isa = PBXBuildFile; fileRef = A1D5F64616DEAB0900664F71 /* MenuItem.cpp */; };
		A1D5F66116DEAB0900664F71 /* MenuSlider.cpp in Sources */ = {isa = PBXBuildFile; fileRef = A1D5F64816DEAB0900664F71 /* MenuSlider.cpp */; };
		A1D5F66216DEAB0900664F71 /* MenuSprite.cpp in Sources */ = {isa = PBXBuildFile; fileRef = A1D5F64A16DEAB0900664F71 /* MenuSprite.cpp */; };
		A1D5F66316DEAB0900664F71 /* MenuText.cpp in Sources */ = {isa = PBXBuildFile; fileRef = A1D5F64C16DEAB0900664F71 /* MenuText.cpp */; };
		A1D5F66416DEAB0900664F71 /* Screen_Base.cpp in Sources */ = {isa = PBXBuildFile; fileRef = A1D5F64F16DEAB0900664F71 /* Screen_Base.cpp */; };
		A1D5F66516DEAB0900664F71 /* ScreenManager.cpp in Sources */ = {isa = PBXBuildFile; fileRef = A1D5F65116DEAB0900664F71 /* ScreenManager.cpp */; };
		BF267D03151B68C6009458AE /* UIKit.framework in Frameworks */ = {isa = PBXBuildFile; fileRef = BF267D02151B68C6009458AE /* UIKit.framework */; };
		BF267D05151B68C6009458AE /* Foundation.framework in Frameworks */ = {isa = PBXBuildFile; fileRef = BF267D04151B68C6009458AE /* Foundation.framework */; };
		BF267D07151B68C6009458AE /* CoreGraphics.framework in Frameworks */ = {isa = PBXBuildFile; fileRef = BF267D06151B68C6009458AE /* CoreGraphics.framework */; };
		BF267D09151B68C6009458AE /* GLKit.framework in Frameworks */ = {isa = PBXBuildFile; fileRef = BF267D08151B68C6009458AE /* GLKit.framework */; };
		BF267D0B151B68C6009458AE /* OpenGLES.framework in Frameworks */ = {isa = PBXBuildFile; fileRef = BF267D0A151B68C6009458AE /* OpenGLES.framework */; };
		BF27F4BA1529E957000F8A5F /* OpenAL.framework in Frameworks */ = {isa = PBXBuildFile; fileRef = BF27F4B91529E957000F8A5F /* OpenAL.framework */; };
		BF71E9B9151B9F94009F0CD9 /* libMyFramework.a in Frameworks */ = {isa = PBXBuildFile; fileRef = BF71E9B8151B9F94009F0CD9 /* libMyFramework.a */; };
		BF71EB19151BFB10009F0CD9 /* Data in Resources */ = {isa = PBXBuildFile; fileRef = BF71EB18151BFB10009F0CD9 /* Data */; };
/* End PBXBuildFile section */

/* Begin PBXFileReference section */
		A11DC478160D2EC1006C837D /* AudioToolbox.framework */ = {isa = PBXFileReference; lastKnownFileType = wrapper.framework; name = AudioToolbox.framework; path = System/Library/Frameworks/AudioToolbox.framework; sourceTree = SDKROOT; };
		A11DC479160D2EC1006C837D /* AVFoundation.framework */ = {isa = PBXFileReference; lastKnownFileType = wrapper.framework; name = AVFoundation.framework; path = System/Library/Frameworks/AVFoundation.framework; sourceTree = SDKROOT; };
		A11DC47A160D2EC1006C837D /* GameKit.framework */ = {isa = PBXFileReference; lastKnownFileType = wrapper.framework; name = GameKit.framework; path = System/Library/Frameworks/GameKit.framework; sourceTree = SDKROOT; };
		A1D5F5D816DEAAFC00664F71 /* Achievements.cpp */ = {isa = PBXFileReference; fileEncoding = 4; lastKnownFileType = sourcecode.cpp.cpp; path = Achievements.cpp; sourceTree = "<group>"; };
		A1D5F5D916DEAAFC00664F71 /* Achievements.h */ = {isa = PBXFileReference; fileEncoding = 4; lastKnownFileType = sourcecode.c.h; path = Achievements.h; sourceTree = "<group>"; };
		A1D5F5DA16DEAAFC00664F71 /* GameAudio.cpp */ = {isa = PBXFileReference; fileEncoding = 4; lastKnownFileType = sourcecode.cpp.cpp; path = GameAudio.cpp; sourceTree = "<group>"; };
		A1D5F5DB16DEAAFC00664F71 /* GameAudio.h */ = {isa = PBXFileReference; fileEncoding = 4; lastKnownFileType = sourcecode.c.h; path = GameAudio.h; sourceTree = "<group>"; };
		A1D5F5DC16DEAAFC00664F71 /* GameMinimalReplaceMe.cpp */ = {isa = PBXFileReference; fileEncoding = 4; lastKnownFileType = sourcecode.cpp.cpp; path = GameMinimalReplaceMe.cpp; sourceTree = "<group>"; };
		A1D5F5DD16DEAAFC00664F71 /* GameMinimalReplaceMe.h */ = {isa = PBXFileReference; fileEncoding = 4; lastKnownFileType = sourcecode.c.h; path = GameMinimalReplaceMe.h; sourceTree = "<group>"; };
		A1D5F5DE16DEAAFC00664F71 /* InputFinger.cpp */ = {isa = PBXFileReference; fileEncoding = 4; lastKnownFileType = sourcecode.cpp.cpp; path = InputFinger.cpp; sourceTree = "<group>"; };
		A1D5F5DF16DEAAFC00664F71 /* InputFinger.h */ = {isa = PBXFileReference; fileEncoding = 4; lastKnownFileType = sourcecode.c.h; path = InputFinger.h; sourceTree = "<group>"; };
		A1D5F5E016DEAAFC00664F71 /* ProfileManager.cpp */ = {isa = PBXFileReference; fileEncoding = 4; lastKnownFileType = sourcecode.cpp.cpp; path = ProfileManager.cpp; sourceTree = "<group>"; };
		A1D5F5E116DEAAFC00664F71 /* ProfileManager.h */ = {isa = PBXFileReference; fileEncoding = 4; lastKnownFileType = sourcecode.c.h; path = ProfileManager.h; sourceTree = "<group>"; };
		A1D5F5E216DEAAFC00664F71 /* ResourceManager.cpp */ = {isa = PBXFileReference; fileEncoding = 4; lastKnownFileType = sourcecode.cpp.cpp; path = ResourceManager.cpp; sourceTree = "<group>"; };
		A1D5F5E316DEAAFC00664F71 /* ResourceManager.h */ = {isa = PBXFileReference; fileEncoding = 4; lastKnownFileType = sourcecode.c.h; path = ResourceManager.h; sourceTree = "<group>"; };
		A1D5F5E416DEAAFC00664F71 /* ScreenOverlays.cpp */ = {isa = PBXFileReference; fileEncoding = 4; lastKnownFileType = sourcecode.cpp.cpp; path = ScreenOverlays.cpp; sourceTree = "<group>"; };
		A1D5F5E516DEAAFC00664F71 /* ScreenOverlays.h */ = {isa = PBXFileReference; fileEncoding = 4; lastKnownFileType = sourcecode.c.h; path = ScreenOverlays.h; sourceTree = "<group>"; };
		A1D5F5E616DEAAFC00664F71 /* Stats.cpp */ = {isa = PBXFileReference; fileEncoding = 4; lastKnownFileType = sourcecode.cpp.cpp; path = Stats.cpp; sourceTree = "<group>"; };
		A1D5F5E716DEAAFC00664F71 /* Stats.h */ = {isa = PBXFileReference; fileEncoding = 4; lastKnownFileType = sourcecode.c.h; path = Stats.h; sourceTree = "<group>"; };
		A1D5F5E816DEAAFC00664F71 /* GameCommonHeader.cpp */ = {isa = PBXFileReference; fileEncoding = 4; lastKnownFileType = sourcecode.cpp.cpp; path = GameCommonHeader.cpp; sourceTree = "<group>"; };
		A1D5F5E916DEAAFC00664F71 /* GameCommonHeader.h */ = {isa = PBXFileReference; fileEncoding = 4; lastKnownFileType = sourcecode.c.h; path = GameCommonHeader.h; sourceTree = "<group>"; };
		A1D5F5EB16DEAAFC00664F71 /* GameType_MinimalReplaceMe.cpp */ = {isa = PBXFileReference; fileEncoding = 4; lastKnownFileType = sourcecode.cpp.cpp; path = GameType_MinimalReplaceMe.cpp; sourceTree = "<group>"; };
		A1D5F5EC16DEAAFC00664F71 /* GameType_MinimalReplaceMe.h */ = {isa = PBXFileReference; fileEncoding = 4; lastKnownFileType = sourcecode.c.h; path = GameType_MinimalReplaceMe.h; sourceTree = "<group>"; };
		A1D5F5ED16DEAAFC00664F71 /* GameType_Selector.cpp */ = {isa = PBXFileReference; fileEncoding = 4; lastKnownFileType = sourcecode.cpp.cpp; path = GameType_Selector.cpp; sourceTree = "<group>"; };
		A1D5F5EE16DEAAFC00664F71 /* GameType_Selector.h */ = {isa = PBXFileReference; fileEncoding = 4; lastKnownFileType = sourcecode.c.h; path = GameType_Selector.h; sourceTree = "<group>"; };
		A1D5F5F016DEAAFC00664F71 /* Screen_Achievements.cpp */ = {isa = PBXFileReference; fileEncoding = 4; lastKnownFileType = sourcecode.cpp.cpp; path = Screen_Achievements.cpp; sourceTree = "<group>"; };
		A1D5F5F116DEAAFC00664F71 /* Screen_Achievements.h */ = {isa = PBXFileReference; fileEncoding = 4; lastKnownFileType = sourcecode.c.h; path = Screen_Achievements.h; sourceTree = "<group>"; };
		A1D5F5F216DEAAFC00664F71 /* Screen_HowToPlay.cpp */ = {isa = PBXFileReference; fileEncoding = 4; lastKnownFileType = sourcecode.cpp.cpp; path = Screen_HowToPlay.cpp; sourceTree = "<group>"; };
		A1D5F5F316DEAAFC00664F71 /* Screen_HowToPlay.h */ = {isa = PBXFileReference; fileEncoding = 4; lastKnownFileType = sourcecode.c.h; path = Screen_HowToPlay.h; sourceTree = "<group>"; };
		A1D5F5F416DEAAFC00664F71 /* Screen_LevelSelect.cpp */ = {isa = PBXFileReference; fileEncoding = 4; lastKnownFileType = sourcecode.cpp.cpp; path = Screen_LevelSelect.cpp; sourceTree = "<group>"; };
		A1D5F5F516DEAAFC00664F71 /* Screen_LevelSelect.h */ = {isa = PBXFileReference; fileEncoding = 4; lastKnownFileType = sourcecode.c.h; path = Screen_LevelSelect.h; sourceTree = "<group>"; };
		A1D5F5F616DEAAFC00664F71 /* Screen_Loading.cpp */ = {isa = PBXFileReference; fileEncoding = 4; lastKnownFileType = sourcecode.cpp.cpp; path = Screen_Loading.cpp; sourceTree = "<group>"; };
		A1D5F5F716DEAAFC00664F71 /* Screen_Loading.h */ = {isa = PBXFileReference; fileEncoding = 4; lastKnownFileType = sourcecode.c.h; path = Screen_Loading.h; sourceTree = "<group>"; };
		A1D5F5F816DEAAFC00664F71 /* Screen_Login.cpp */ = {isa = PBXFileReference; fileEncoding = 4; lastKnownFileType = sourcecode.cpp.cpp; path = Screen_Login.cpp; sourceTree = "<group>"; };
		A1D5F5F916DEAAFC00664F71 /* Screen_Login.h */ = {isa = PBXFileReference; fileEncoding = 4; lastKnownFileType = sourcecode.c.h; path = Screen_Login.h; sourceTree = "<group>"; };
		A1D5F5FA16DEAAFC00664F71 /* Screen_Pause.cpp */ = {isa = PBXFileReference; fileEncoding = 4; lastKnownFileType = sourcecode.cpp.cpp; path = Screen_Pause.cpp; sourceTree = "<group>"; };
		A1D5F5FB16DEAAFC00664F71 /* Screen_Pause.h */ = {isa = PBXFileReference; fileEncoding = 4; lastKnownFileType = sourcecode.c.h; path = Screen_Pause.h; sourceTree = "<group>"; };
		A1D5F5FC16DEAAFC00664F71 /* Screen_Stats.cpp */ = {isa = PBXFileReference; fileEncoding = 4; lastKnownFileType = sourcecode.cpp.cpp; path = Screen_Stats.cpp; sourceTree = "<group>"; };
		A1D5F5FD16DEAAFC00664F71 /* Screen_Stats.h */ = {isa = PBXFileReference; fileEncoding = 4; lastKnownFileType = sourcecode.c.h; path = Screen_Stats.h; sourceTree = "<group>"; };
		A1D5F60116DEAAFC00664F71 /* MinimalReplaceMe-Info.plist */ = {isa = PBXFileReference; fileEncoding = 4; lastKnownFileType = text.plist.xml; path = "MinimalReplaceMe-Info.plist"; sourceTree = "<group>"; };
		A1D5F60216DEAAFC00664F71 /* MinimalReplaceMe-Prefix.pch */ = {isa = PBXFileReference; fileEncoding = 4; lastKnownFileType = sourcecode.c.h; path = "MinimalReplaceMe-Prefix.pch"; sourceTree = "<group>"; };
		A1D5F60416DEAAFC00664F71 /* en */ = {isa = PBXFileReference; lastKnownFileType = text.plist.strings; name = en; path = en.lproj/InfoPlist.strings; sourceTree = "<group>"; };
		A1D5F60616DEAAFC00664F71 /* en */ = {isa = PBXFileReference; lastKnownFileType = file.xib; name = en; path = en.lproj/ViewController_iPad.xib; sourceTree = "<group>"; };
		A1D5F60816DEAAFC00664F71 /* en */ = {isa = PBXFileReference; lastKnownFileType = file.xib; name = en; path = en.lproj/ViewController_iPhone.xib; sourceTree = "<group>"; };
		A1D5F60916DEAAFC00664F71 /* main.h */ = {isa = PBXFileReference; fileEncoding = 4; lastKnownFileType = sourcecode.c.h; path = main.h; sourceTree = "<group>"; };
		A1D5F60A16DEAAFC00664F71 /* main.mm */ = {isa = PBXFileReference; fileEncoding = 4; lastKnownFileType = sourcecode.cpp.objcpp; path = main.mm; sourceTree = "<group>"; };
		A1D5F62816DEAB0900664F71 /* ScoreChunk.cpp */ = {isa = PBXFileReference; fileEncoding = 4; lastKnownFileType = sourcecode.cpp.cpp; path = ScoreChunk.cpp; sourceTree = "<group>"; };
		A1D5F62916DEAB0900664F71 /* ScoreChunk.h */ = {isa = PBXFileReference; fileEncoding = 4; lastKnownFileType = sourcecode.c.h; path = ScoreChunk.h; sourceTree = "<group>"; };
		A1D5F62B16DEAB0900664F71 /* Camera2D.cpp */ = {isa = PBXFileReference; fileEncoding = 4; lastKnownFileType = sourcecode.cpp.cpp; path = Camera2D.cpp; sourceTree = "<group>"; };
		A1D5F62C16DEAB0900664F71 /* Camera2D.h */ = {isa = PBXFileReference; fileEncoding = 4; lastKnownFileType = sourcecode.c.h; path = Camera2D.h; sourceTree = "<group>"; };
		A1D5F62D16DEAB0900664F71 /* Camera3D.cpp */ = {isa = PBXFileReference; fileEncoding = 4; lastKnownFileType = sourcecode.cpp.cpp; path = Camera3D.cpp; sourceTree = "<group>"; };
		A1D5F62E16DEAB0900664F71 /* Camera3D.h */ = {isa = PBXFileReference; fileEncoding = 4; lastKnownFileType = sourcecode.c.h; path = Camera3D.h; sourceTree = "<group>"; };
		A1D5F63016DEAB0900664F71 /* RenderTextQuick.cpp */ = {isa = PBXFileReference; fileEncoding = 4; lastKnownFileType = sourcecode.cpp.cpp; path = RenderTextQuick.cpp; sourceTree = "<group>"; };
		A1D5F63116DEAB0900664F71 /* RenderTextQuick.h */ = {isa = PBXFileReference; fileEncoding = 4; lastKnownFileType = sourcecode.c.h; path = RenderTextQuick.h; sourceTree = "<group>"; };
		A1D5F63316DEAB0900664F71 /* Effect_Base.cpp */ = {isa = PBXFileReference; fileEncoding = 4; lastKnownFileType = sourcecode.cpp.cpp; path = Effect_Base.cpp; sourceTree = "<group>"; };
		A1D5F63416DEAB0900664F71 /* Effect_Base.h */ = {isa = PBXFileReference; fileEncoding = 4; lastKnownFileType = sourcecode.c.h; path = Effect_Base.h; sourceTree = "<group>"; };
		A1D5F63516DEAB0900664F71 /* Effect_ParticleBurst.cpp */ = {isa = PBXFileReference; fileEncoding = 4; lastKnownFileType = sourcecode.cpp.cpp; path = Effect_ParticleBurst.cpp; sourceTree = "<group>"; };
		A1D5F63616DEAB0900664F71 /* Effect_ParticleBurst.h */ = {isa = PBXFileReference; fileEncoding = 4; lastKnownFileType = sourcecode.c.h; path = Effect_ParticleBurst.h; sourceTree = "<group>"; };
		A1D5F63716DEAB0900664F71 /* Effect_ParticleRisingGlow.cpp */ = {isa = PBXFileReference; fileEncoding = 4; lastKnownFileType = sourcecode.cpp.cpp; path = Effect_ParticleRisingGlow.cpp; sourceTree = "<group>"; };
		A1D5F63816DEAB0900664F71 /* Effect_ParticleRisingGlow.h */ = {isa = PBXFileReference; fileEncoding = 4; lastKnownFileType = sourcecode.c.h; path = Effect_ParticleRisingGlow.h; sourceTree = "<group>"; };
		A1D5F63916DEAB0900664F71 /* Effect_SunRay.cpp */ = {isa = PBXFileReference; fileEncoding = 4; lastKnownFileType = sourcecode.cpp.cpp; path = Effect_SunRay.cpp; sourceTree = "<group>"; };
		A1D5F63A16DEAB0900664F71 /* Effect_SunRay.h */ = {isa = PBXFileReference; fileEncoding = 4; lastKnownFileType = sourcecode.c.h; path = Effect_SunRay.h; sourceTree = "<group>"; };
		A1D5F63C16DEAB0900664F71 /* LanguageTable.cpp */ = {isa = PBXFileReference; fileEncoding = 4; lastKnownFileType = sourcecode.cpp.cpp; path = LanguageTable.cpp; sourceTree = "<group>"; };
		A1D5F63D16DEAB0900664F71 /* LanguageTable.h */ = {isa = PBXFileReference; fileEncoding = 4; lastKnownFileType = sourcecode.c.h; path = LanguageTable.h; sourceTree = "<group>"; };
		A1D5F63E16DEAB0900664F71 /* MenuButton.cpp */ = {isa = PBXFileReference; fileEncoding = 4; lastKnownFileType = sourcecode.cpp.cpp; path = MenuButton.cpp; sourceTree = "<group>"; };
		A1D5F63F16DEAB0900664F71 /* MenuButton.h */ = {isa = PBXFileReference; fileEncoding = 4; lastKnownFileType = sourcecode.c.h; path = MenuButton.h; sourceTree = "<group>"; };
		A1D5F64016DEAB0900664F71 /* MenuCheckBox.cpp */ = {isa = PBXFileReference; fileEncoding = 4; lastKnownFileType = sourcecode.cpp.cpp; path = MenuCheckBox.cpp; sourceTree = "<group>"; };
		A1D5F64116DEAB0900664F71 /* MenuCheckBox.h */ = {isa = PBXFileReference; fileEncoding = 4; lastKnownFileType = sourcecode.c.h; path = MenuCheckBox.h; sourceTree = "<group>"; };
		A1D5F64216DEAB0900664F71 /* MenuDraggableButton.cpp */ = {isa = PBXFileReference; fileEncoding = 4; lastKnownFileType = sourcecode.cpp.cpp; path = MenuDraggableButton.cpp; sourceTree = "<group>"; };
		A1D5F64316DEAB0900664F71 /* MenuDraggableButton.h */ = {isa = PBXFileReference; fileEncoding = 4; lastKnownFileType = sourcecode.c.h; path = MenuDraggableButton.h; sourceTree = "<group>"; };
		A1D5F64416DEAB0900664F71 /* MenuInputBox.cpp */ = {isa = PBXFileReference; fileEncoding = 4; lastKnownFileType = sourcecode.cpp.cpp; path = MenuInputBox.cpp; sourceTree = "<group>"; };
		A1D5F64516DEAB0900664F71 /* MenuInputBox.h */ = {isa = PBXFileReference; fileEncoding = 4; lastKnownFileType = sourcecode.c.h; path = MenuInputBox.h; sourceTree = "<group>"; };
		A1D5F64616DEAB0900664F71 /* MenuItem.cpp */ = {isa = PBXFileReference; fileEncoding = 4; lastKnownFileType = sourcecode.cpp.cpp; path = MenuItem.cpp; sourceTree = "<group>"; };
		A1D5F64716DEAB0900664F71 /* MenuItem.h */ = {isa = PBXFileReference; fileEncoding = 4; lastKnownFileType = sourcecode.c.h; path = MenuItem.h; sourceTree = "<group>"; };
		A1D5F64816DEAB0900664F71 /* MenuSlider.cpp */ = {isa = PBXFileReference; fileEncoding = 4; lastKnownFileType = sourcecode.cpp.cpp; path = MenuSlider.cpp; sourceTree = "<group>"; };
		A1D5F64916DEAB0900664F71 /* MenuSlider.h */ = {isa = PBXFileReference; fileEncoding = 4; lastKnownFileType = sourcecode.c.h; path = MenuSlider.h; sourceTree = "<group>"; };
		A1D5F64A16DEAB0900664F71 /* MenuSprite.cpp */ = {isa = PBXFileReference; fileEncoding = 4; lastKnownFileType = sourcecode.cpp.cpp; path = MenuSprite.cpp; sourceTree = "<group>"; };
		A1D5F64B16DEAB0900664F71 /* MenuSprite.h */ = {isa = PBXFileReference; fileEncoding = 4; lastKnownFileType = sourcecode.c.h; path = MenuSprite.h; sourceTree = "<group>"; };
		A1D5F64C16DEAB0900664F71 /* MenuText.cpp */ = {isa = PBXFileReference; fileEncoding = 4; lastKnownFileType = sourcecode.cpp.cpp; path = MenuText.cpp; sourceTree = "<group>"; };
		A1D5F64D16DEAB0900664F71 /* MenuText.h */ = {isa = PBXFileReference; fileEncoding = 4; lastKnownFileType = sourcecode.c.h; path = MenuText.h; sourceTree = "<group>"; };
		A1D5F64F16DEAB0900664F71 /* Screen_Base.cpp */ = {isa = PBXFileReference; fileEncoding = 4; lastKnownFileType = sourcecode.cpp.cpp; path = Screen_Base.cpp; sourceTree = "<group>"; };
		A1D5F65016DEAB0900664F71 /* Screen_Base.h */ = {isa = PBXFileReference; fileEncoding = 4; lastKnownFileType = sourcecode.c.h; path = Screen_Base.h; sourceTree = "<group>"; };
		A1D5F65116DEAB0900664F71 /* ScreenManager.cpp */ = {isa = PBXFileReference; fileEncoding = 4; lastKnownFileType = sourcecode.cpp.cpp; path = ScreenManager.cpp; sourceTree = "<group>"; };
		A1D5F65216DEAB0900664F71 /* ScreenManager.h */ = {isa = PBXFileReference; fileEncoding = 4; lastKnownFileType = sourcecode.c.h; path = ScreenManager.h; sourceTree = "<group>"; };
		BF267CFE151B68C6009458AE /* MinimalReplaceMe.app */ = {isa = PBXFileReference; explicitFileType = wrapper.application; includeInIndex = 0; path = MinimalReplaceMe.app; sourceTree = BUILT_PRODUCTS_DIR; };
		BF267D02151B68C6009458AE /* UIKit.framework */ = {isa = PBXFileReference; lastKnownFileType = wrapper.framework; name = UIKit.framework; path = System/Library/Frameworks/UIKit.framework; sourceTree = SDKROOT; };
		BF267D04151B68C6009458AE /* Foundation.framework */ = {isa = PBXFileReference; lastKnownFileType = wrapper.framework; name = Foundation.framework; path = System/Library/Frameworks/Foundation.framework; sourceTree = SDKROOT; };
		BF267D06151B68C6009458AE /* CoreGraphics.framework */ = {isa = PBXFileReference; lastKnownFileType = wrapper.framework; name = CoreGraphics.framework; path = System/Library/Frameworks/CoreGraphics.framework; sourceTree = SDKROOT; };
		BF267D08151B68C6009458AE /* GLKit.framework */ = {isa = PBXFileReference; lastKnownFileType = wrapper.framework; name = GLKit.framework; path = System/Library/Frameworks/GLKit.framework; sourceTree = SDKROOT; };
		BF267D0A151B68C6009458AE /* OpenGLES.framework */ = {isa = PBXFileReference; lastKnownFileType = wrapper.framework; name = OpenGLES.framework; path = System/Library/Frameworks/OpenGLES.framework; sourceTree = SDKROOT; };
		BF27F4B91529E957000F8A5F /* OpenAL.framework */ = {isa = PBXFileReference; lastKnownFileType = wrapper.framework; name = OpenAL.framework; path = System/Library/Frameworks/OpenAL.framework; sourceTree = SDKROOT; };
		BF71E9B8151B9F94009F0CD9 /* libMyFramework.a */ = {isa = PBXFileReference; lastKnownFileType = archive.ar; name = libMyFramework.a; path = "../../Framework/MyFramework/build/Release-iphoneos/libMyFramework.a"; sourceTree = "<group>"; };
		BF71EB18151BFB10009F0CD9 /* Data */ = {isa = PBXFileReference; lastKnownFileType = folder; path = Data; sourceTree = "<group>"; };
/* End PBXFileReference section */

/* Begin PBXFrameworksBuildPhase section */
		BF267CFB151B68C6009458AE /* Frameworks */ = {
			isa = PBXFrameworksBuildPhase;
			buildActionMask = 2147483647;
			files = (
				BF27F4BA1529E957000F8A5F /* OpenAL.framework in Frameworks */,
				BF71E9B9151B9F94009F0CD9 /* libMyFramework.a in Frameworks */,
				BF267D03151B68C6009458AE /* UIKit.framework in Frameworks */,
				BF267D05151B68C6009458AE /* Foundation.framework in Frameworks */,
				BF267D07151B68C6009458AE /* CoreGraphics.framework in Frameworks */,
				BF267D09151B68C6009458AE /* GLKit.framework in Frameworks */,
				BF267D0B151B68C6009458AE /* OpenGLES.framework in Frameworks */,
				A11DC47B160D2EC1006C837D /* AudioToolbox.framework in Frameworks */,
				A11DC47C160D2EC1006C837D /* AVFoundation.framework in Frameworks */,
				A11DC47D160D2EC1006C837D /* GameKit.framework in Frameworks */,
			);
			runOnlyForDeploymentPostprocessing = 0;
		};
/* End PBXFrameworksBuildPhase section */

/* Begin PBXGroup section */
		A1D5F5D616DEAAFC00664F71 /* SourceCommon */ = {
			isa = PBXGroup;
			children = (
				A1D5F5D716DEAAFC00664F71 /* Core */,
				A1D5F5E816DEAAFC00664F71 /* GameCommonHeader.cpp */,
				A1D5F5E916DEAAFC00664F71 /* GameCommonHeader.h */,
				A1D5F5EA16DEAAFC00664F71 /* GameTypes */,
				A1D5F5EF16DEAAFC00664F71 /* Screens */,
			);
			path = SourceCommon;
			sourceTree = "<group>";
		};
		A1D5F5D716DEAAFC00664F71 /* Core */ = {
			isa = PBXGroup;
			children = (
				A1D5F5D816DEAAFC00664F71 /* Achievements.cpp */,
				A1D5F5D916DEAAFC00664F71 /* Achievements.h */,
				A1D5F5DA16DEAAFC00664F71 /* GameAudio.cpp */,
				A1D5F5DB16DEAAFC00664F71 /* GameAudio.h */,
				A1D5F5DC16DEAAFC00664F71 /* GameMinimalReplaceMe.cpp */,
				A1D5F5DD16DEAAFC00664F71 /* GameMinimalReplaceMe.h */,
				A1D5F5DE16DEAAFC00664F71 /* InputFinger.cpp */,
				A1D5F5DF16DEAAFC00664F71 /* InputFinger.h */,
				A1D5F5E016DEAAFC00664F71 /* ProfileManager.cpp */,
				A1D5F5E116DEAAFC00664F71 /* ProfileManager.h */,
				A1D5F5E216DEAAFC00664F71 /* ResourceManager.cpp */,
				A1D5F5E316DEAAFC00664F71 /* ResourceManager.h */,
				A1D5F5E416DEAAFC00664F71 /* ScreenOverlays.cpp */,
				A1D5F5E516DEAAFC00664F71 /* ScreenOverlays.h */,
				A1D5F5E616DEAAFC00664F71 /* Stats.cpp */,
				A1D5F5E716DEAAFC00664F71 /* Stats.h */,
			);
			path = Core;
			sourceTree = "<group>";
		};
		A1D5F5EA16DEAAFC00664F71 /* GameTypes */ = {
			isa = PBXGroup;
			children = (
				A1D5F5EB16DEAAFC00664F71 /* GameType_MinimalReplaceMe.cpp */,
				A1D5F5EC16DEAAFC00664F71 /* GameType_MinimalReplaceMe.h */,
				A1D5F5ED16DEAAFC00664F71 /* GameType_Selector.cpp */,
				A1D5F5EE16DEAAFC00664F71 /* GameType_Selector.h */,
			);
			path = GameTypes;
			sourceTree = "<group>";
		};
		A1D5F5EF16DEAAFC00664F71 /* Screens */ = {
			isa = PBXGroup;
			children = (
				A1D5F5F016DEAAFC00664F71 /* Screen_Achievements.cpp */,
				A1D5F5F116DEAAFC00664F71 /* Screen_Achievements.h */,
				A1D5F5F216DEAAFC00664F71 /* Screen_HowToPlay.cpp */,
				A1D5F5F316DEAAFC00664F71 /* Screen_HowToPlay.h */,
				A1D5F5F416DEAAFC00664F71 /* Screen_LevelSelect.cpp */,
				A1D5F5F516DEAAFC00664F71 /* Screen_LevelSelect.h */,
				A1D5F5F616DEAAFC00664F71 /* Screen_Loading.cpp */,
				A1D5F5F716DEAAFC00664F71 /* Screen_Loading.h */,
				A1D5F5F816DEAAFC00664F71 /* Screen_Login.cpp */,
				A1D5F5F916DEAAFC00664F71 /* Screen_Login.h */,
				A1D5F5FA16DEAAFC00664F71 /* Screen_Pause.cpp */,
				A1D5F5FB16DEAAFC00664F71 /* Screen_Pause.h */,
				A1D5F5FC16DEAAFC00664F71 /* Screen_Stats.cpp */,
				A1D5F5FD16DEAAFC00664F71 /* Screen_Stats.h */,
			);
			path = Screens;
			sourceTree = "<group>";
		};
		A1D5F5FE16DEAAFC00664F71 /* SourceIOS */ = {
			isa = PBXGroup;
			children = (
				A1D5F60116DEAAFC00664F71 /* MinimalReplaceMe-Info.plist */,
				A1D5F60216DEAAFC00664F71 /* MinimalReplaceMe-Prefix.pch */,
				A1D5F60316DEAAFC00664F71 /* InfoPlist.strings */,
				A1D5F60516DEAAFC00664F71 /* ViewController_iPad.xib */,
				A1D5F60716DEAAFC00664F71 /* ViewController_iPhone.xib */,
				A1D5F60916DEAAFC00664F71 /* main.h */,
				A1D5F60A16DEAAFC00664F71 /* main.mm */,
			);
			path = SourceIOS;
			sourceTree = "<group>";
		};
		A1D5F62616DEAB0900664F71 /* LazilySharedGameCode */ = {
			isa = PBXGroup;
			children = (
				A1D5F62716DEAB0900664F71 /* BitsAndPieces */,
				A1D5F62A16DEAB0900664F71 /* Camera */,
				A1D5F62F16DEAB0900664F71 /* Core */,
				A1D5F63216DEAB0900664F71 /* Effects */,
				A1D5F63B16DEAB0900664F71 /* Menus */,
				A1D5F64E16DEAB0900664F71 /* Screens */,
			);
			name = LazilySharedGameCode;
			path = ../../Framework/LazilySharedGameCode;
			sourceTree = "<group>";
		};
		A1D5F62716DEAB0900664F71 /* BitsAndPieces */ = {
			isa = PBXGroup;
			children = (
				A1D5F62816DEAB0900664F71 /* ScoreChunk.cpp */,
				A1D5F62916DEAB0900664F71 /* ScoreChunk.h */,
			);
			path = BitsAndPieces;
			sourceTree = "<group>";
		};
		A1D5F62A16DEAB0900664F71 /* Camera */ = {
			isa = PBXGroup;
			children = (
				A1D5F62B16DEAB0900664F71 /* Camera2D.cpp */,
				A1D5F62C16DEAB0900664F71 /* Camera2D.h */,
				A1D5F62D16DEAB0900664F71 /* Camera3D.cpp */,
				A1D5F62E16DEAB0900664F71 /* Camera3D.h */,
			);
			path = Camera;
			sourceTree = "<group>";
		};
		A1D5F62F16DEAB0900664F71 /* Core */ = {
			isa = PBXGroup;
			children = (
				A1D5F63016DEAB0900664F71 /* RenderTextQuick.cpp */,
				A1D5F63116DEAB0900664F71 /* RenderTextQuick.h */,
			);
			path = Core;
			sourceTree = "<group>";
		};
		A1D5F63216DEAB0900664F71 /* Effects */ = {
			isa = PBXGroup;
			children = (
				A1D5F63316DEAB0900664F71 /* Effect_Base.cpp */,
				A1D5F63416DEAB0900664F71 /* Effect_Base.h */,
				A1D5F63516DEAB0900664F71 /* Effect_ParticleBurst.cpp */,
				A1D5F63616DEAB0900664F71 /* Effect_ParticleBurst.h */,
				A1D5F63716DEAB0900664F71 /* Effect_ParticleRisingGlow.cpp */,
				A1D5F63816DEAB0900664F71 /* Effect_ParticleRisingGlow.h */,
				A1D5F63916DEAB0900664F71 /* Effect_SunRay.cpp */,
				A1D5F63A16DEAB0900664F71 /* Effect_SunRay.h */,
			);
			path = Effects;
			sourceTree = "<group>";
		};
		A1D5F63B16DEAB0900664F71 /* Menus */ = {
			isa = PBXGroup;
			children = (
				A1D5F63C16DEAB0900664F71 /* LanguageTable.cpp */,
				A1D5F63D16DEAB0900664F71 /* LanguageTable.h */,
				A1D5F63E16DEAB0900664F71 /* MenuButton.cpp */,
				A1D5F63F16DEAB0900664F71 /* MenuButton.h */,
				A1D5F64016DEAB0900664F71 /* MenuCheckBox.cpp */,
				A1D5F64116DEAB0900664F71 /* MenuCheckBox.h */,
				A1D5F64216DEAB0900664F71 /* MenuDraggableButton.cpp */,
				A1D5F64316DEAB0900664F71 /* MenuDraggableButton.h */,
				A1D5F64416DEAB0900664F71 /* MenuInputBox.cpp */,
				A1D5F64516DEAB0900664F71 /* MenuInputBox.h */,
				A1D5F64616DEAB0900664F71 /* MenuItem.cpp */,
				A1D5F64716DEAB0900664F71 /* MenuItem.h */,
				A1D5F64816DEAB0900664F71 /* MenuSlider.cpp */,
				A1D5F64916DEAB0900664F71 /* MenuSlider.h */,
				A1D5F64A16DEAB0900664F71 /* MenuSprite.cpp */,
				A1D5F64B16DEAB0900664F71 /* MenuSprite.h */,
				A1D5F64C16DEAB0900664F71 /* MenuText.cpp */,
				A1D5F64D16DEAB0900664F71 /* MenuText.h */,
			);
			path = Menus;
			sourceTree = "<group>";
		};
		A1D5F64E16DEAB0900664F71 /* Screens */ = {
			isa = PBXGroup;
			children = (
				A1D5F64F16DEAB0900664F71 /* Screen_Base.cpp */,
				A1D5F65016DEAB0900664F71 /* Screen_Base.h */,
				A1D5F65116DEAB0900664F71 /* ScreenManager.cpp */,
				A1D5F65216DEAB0900664F71 /* ScreenManager.h */,
			);
			path = Screens;
			sourceTree = "<group>";
		};
		BF267CF3151B68C6009458AE = {
			isa = PBXGroup;
			children = (
				A1D5F62616DEAB0900664F71 /* LazilySharedGameCode */,
				A1D5F5D616DEAAFC00664F71 /* SourceCommon */,
				A1D5F5FE16DEAAFC00664F71 /* SourceIOS */,
				BF71EB18151BFB10009F0CD9 /* Data */,
				BF71E9B8151B9F94009F0CD9 /* libMyFramework.a */,
				BF267D01151B68C6009458AE /* Frameworks */,
				BF267CFF151B68C6009458AE /* Products */,
			);
			sourceTree = "<group>";
		};
		BF267CFF151B68C6009458AE /* Products */ = {
			isa = PBXGroup;
			children = (
				BF267CFE151B68C6009458AE /* MinimalReplaceMe.app */,
			);
			name = Products;
			sourceTree = "<group>";
		};
		BF267D01151B68C6009458AE /* Frameworks */ = {
			isa = PBXGroup;
			children = (
				A11DC478160D2EC1006C837D /* AudioToolbox.framework */,
				A11DC479160D2EC1006C837D /* AVFoundation.framework */,
				A11DC47A160D2EC1006C837D /* GameKit.framework */,
				BF27F4B91529E957000F8A5F /* OpenAL.framework */,
				BF267D02151B68C6009458AE /* UIKit.framework */,
				BF267D04151B68C6009458AE /* Foundation.framework */,
				BF267D06151B68C6009458AE /* CoreGraphics.framework */,
				BF267D08151B68C6009458AE /* GLKit.framework */,
				BF267D0A151B68C6009458AE /* OpenGLES.framework */,
			);
			name = Frameworks;
			sourceTree = "<group>";
		};
/* End PBXGroup section */

/* Begin PBXNativeTarget section */
		BF267CFD151B68C6009458AE /* MinimalReplaceMe */ = {
			isa = PBXNativeTarget;
			buildConfigurationList = BF267D27151B68C6009458AE /* Build configuration list for PBXNativeTarget "MinimalReplaceMe" */;
			buildPhases = (
				BF267CFA151B68C6009458AE /* Sources */,
				BF267CFB151B68C6009458AE /* Frameworks */,
				BF267CFC151B68C6009458AE /* Resources */,
				BF71EB1A151BFE01009F0CD9 /* ShellScript */,
			);
			buildRules = (
			);
			dependencies = (
			);
			name = MinimalReplaceMe;
			productName = MinimalReplaceMe;
			productReference = BF267CFE151B68C6009458AE /* MinimalReplaceMe.app */;
			productType = "com.apple.product-type.application";
		};
/* End PBXNativeTarget section */

/* Begin PBXProject section */
		BF267CF5151B68C6009458AE /* Project object */ = {
			isa = PBXProject;
			attributes = {
				LastUpgradeCheck = 0430;
			};
			buildConfigurationList = BF267CF8151B68C6009458AE /* Build configuration list for PBXProject "MinimalReplaceMe" */;
			compatibilityVersion = "Xcode 3.2";
			developmentRegion = English;
			hasScannedForEncodings = 0;
			knownRegions = (
				en,
			);
			mainGroup = BF267CF3151B68C6009458AE;
			productRefGroup = BF267CFF151B68C6009458AE /* Products */;
			projectDirPath = "";
			projectRoot = "";
			targets = (
				BF267CFD151B68C6009458AE /* MinimalReplaceMe */,
			);
		};
/* End PBXProject section */

/* Begin PBXResourcesBuildPhase section */
		BF267CFC151B68C6009458AE /* Resources */ = {
			isa = PBXResourcesBuildPhase;
			buildActionMask = 2147483647;
			files = (
				BF71EB19151BFB10009F0CD9 /* Data in Resources */,
				A1D5F62116DEAAFC00664F71 /* InfoPlist.strings in Resources */,
				A1D5F62216DEAAFC00664F71 /* ViewController_iPad.xib in Resources */,
				A1D5F62316DEAAFC00664F71 /* ViewController_iPhone.xib in Resources */,
			);
			runOnlyForDeploymentPostprocessing = 0;
		};
/* End PBXResourcesBuildPhase section */

/* Begin PBXShellScriptBuildPhase section */
		BF71EB1A151BFE01009F0CD9 /* ShellScript */ = {
			isa = PBXShellScriptBuildPhase;
			buildActionMask = 2147483647;
			files = (
			);
			inputPaths = (
			);
			outputPaths = (
			);
			runOnlyForDeploymentPostprocessing = 0;
			shellPath = /bin/sh;
			shellScript = "touch -cm ${SRCROOT}/Data";
		};
/* End PBXShellScriptBuildPhase section */

/* Begin PBXSourcesBuildPhase section */
		BF267CFA151B68C6009458AE /* Sources */ = {
			isa = PBXSourcesBuildPhase;
			buildActionMask = 2147483647;
			files = (
				A1D5F60D16DEAAFC00664F71 /* Achievements.cpp in Sources */,
				A1D5F60E16DEAAFC00664F71 /* GameAudio.cpp in Sources */,
				A1D5F60F16DEAAFC00664F71 /* GameMinimalReplaceMe.cpp in Sources */,
				A1D5F61016DEAAFC00664F71 /* InputFinger.cpp in Sources */,
				A1D5F61116DEAAFC00664F71 /* ProfileManager.cpp in Sources */,
				A1D5F61216DEAAFC00664F71 /* ResourceManager.cpp in Sources */,
				A1D5F61316DEAAFC00664F71 /* ScreenOverlays.cpp in Sources */,
				A1D5F61416DEAAFC00664F71 /* Stats.cpp in Sources */,
				A1D5F61516DEAAFC00664F71 /* GameCommonHeader.cpp in Sources */,
				A1D5F61616DEAAFC00664F71 /* GameType_MinimalReplaceMe.cpp in Sources */,
				A1D5F61716DEAAFC00664F71 /* GameType_Selector.cpp in Sources */,
				A1D5F61816DEAAFC00664F71 /* Screen_Achievements.cpp in Sources */,
				A1D5F61916DEAAFC00664F71 /* Screen_HowToPlay.cpp in Sources */,
				A1D5F61A16DEAAFC00664F71 /* Screen_LevelSelect.cpp in Sources */,
				A1D5F61B16DEAAFC00664F71 /* Screen_Loading.cpp in Sources */,
				A1D5F61C16DEAAFC00664F71 /* Screen_Login.cpp in Sources */,
				A1D5F61D16DEAAFC00664F71 /* Screen_Pause.cpp in Sources */,
				A1D5F61E16DEAAFC00664F71 /* Screen_Stats.cpp in Sources */,
				A1D5F62416DEAAFC00664F71 /* main.mm in Sources */,
				A1D5F65316DEAB0900664F71 /* ScoreChunk.cpp in Sources */,
				A1D5F65416DEAB0900664F71 /* Camera2D.cpp in Sources */,
				A1D5F65516DEAB0900664F71 /* Camera3D.cpp in Sources */,
				A1D5F65616DEAB0900664F71 /* RenderTextQuick.cpp in Sources */,
				A1D5F65716DEAB0900664F71 /* Effect_Base.cpp in Sources */,
				A1D5F65816DEAB0900664F71 /* Effect_ParticleBurst.cpp in Sources */,
				A1D5F65916DEAB0900664F71 /* Effect_ParticleRisingGlow.cpp in Sources */,
				A1D5F65A16DEAB0900664F71 /* Effect_SunRay.cpp in Sources */,
				A1D5F65B16DEAB0900664F71 /* LanguageTable.cpp in Sources */,
				A1D5F65C16DEAB0900664F71 /* MenuButton.cpp in Sources */,
				A1D5F65D16DEAB0900664F71 /* MenuCheckBox.cpp in Sources */,
				A1D5F65E16DEAB0900664F71 /* MenuDraggableButton.cpp in Sources */,
				A1D5F65F16DEAB0900664F71 /* MenuInputBox.cpp in Sources */,
				A1D5F66016DEAB0900664F71 /* MenuItem.cpp in Sources */,
				A1D5F66116DEAB0900664F71 /* MenuSlider.cpp in Sources */,
				A1D5F66216DEAB0900664F71 /* MenuSprite.cpp in Sources */,
				A1D5F66316DEAB0900664F71 /* MenuText.cpp in Sources */,
				A1D5F66416DEAB0900664F71 /* Screen_Base.cpp in Sources */,
				A1D5F66516DEAB0900664F71 /* ScreenManager.cpp in Sources */,
			);
			runOnlyForDeploymentPostprocessing = 0;
		};
/* End PBXSourcesBuildPhase section */

/* Begin PBXVariantGroup section */
		A1D5F60316DEAAFC00664F71 /* InfoPlist.strings */ = {
			isa = PBXVariantGroup;
			children = (
				A1D5F60416DEAAFC00664F71 /* en */,
			);
			name = InfoPlist.strings;
			sourceTree = "<group>";
		};
		A1D5F60516DEAAFC00664F71 /* ViewController_iPad.xib */ = {
			isa = PBXVariantGroup;
			children = (
				A1D5F60616DEAAFC00664F71 /* en */,
			);
			name = ViewController_iPad.xib;
			sourceTree = "<group>";
		};
		A1D5F60716DEAAFC00664F71 /* ViewController_iPhone.xib */ = {
			isa = PBXVariantGroup;
			children = (
				A1D5F60816DEAAFC00664F71 /* en */,
			);
			name = ViewController_iPhone.xib;
			sourceTree = "<group>";
		};
/* End PBXVariantGroup section */

/* Begin XCBuildConfiguration section */
		BF267D25151B68C6009458AE /* Debug */ = {
			isa = XCBuildConfiguration;
			buildSettings = {
				ALWAYS_SEARCH_USER_PATHS = NO;
				ARCHS = "$(ARCHS_STANDARD_32_BIT)";
				"CODE_SIGN_IDENTITY[sdk=iphoneos*]" = "iPhone Developer";
				COPY_PHASE_STRIP = NO;
				GCC_C_LANGUAGE_STANDARD = gnu99;
				GCC_DYNAMIC_NO_PIC = NO;
				GCC_OPTIMIZATION_LEVEL = 0;
				GCC_PREPROCESSOR_DEFINITIONS = (
					"DEBUG=1",
					"_DEBUG=1",
					"MYFW_IOS=1",
					"$(inherited)",
				);
				GCC_SYMBOLS_PRIVATE_EXTERN = NO;
				GCC_VERSION = com.apple.compilers.llvm.clang.1_0;
				GCC_WARN_ABOUT_RETURN_TYPE = YES;
				GCC_WARN_UNINITIALIZED_AUTOS = YES;
				GCC_WARN_UNUSED_VARIABLE = YES;
				IPHONEOS_DEPLOYMENT_TARGET = 5.1;
				SDKROOT = iphoneos;
				TARGETED_DEVICE_FAMILY = "1,2";
			};
			name = Debug;
		};
		BF267D26151B68C6009458AE /* Release */ = {
			isa = XCBuildConfiguration;
			buildSettings = {
				ALWAYS_SEARCH_USER_PATHS = NO;
				ARCHS = "$(ARCHS_STANDARD_32_BIT)";
				"CODE_SIGN_IDENTITY[sdk=iphoneos*]" = "iPhone Developer";
				COPY_PHASE_STRIP = YES;
				GCC_C_LANGUAGE_STANDARD = gnu99;
				GCC_PREPROCESSOR_DEFINITIONS = (
					"MYFW_IOS=1",
					"$(inherited)",
				);
				GCC_VERSION = com.apple.compilers.llvm.clang.1_0;
				GCC_WARN_ABOUT_RETURN_TYPE = YES;
				GCC_WARN_UNINITIALIZED_AUTOS = YES;
				GCC_WARN_UNUSED_VARIABLE = YES;
				IPHONEOS_DEPLOYMENT_TARGET = 5.1;
				OTHER_CFLAGS = "-DNS_BLOCK_ASSERTIONS=1";
				SDKROOT = iphoneos;
				TARGETED_DEVICE_FAMILY = "1,2";
				VALIDATE_PRODUCT = YES;
			};
			name = Release;
		};
		BF267D28151B68C6009458AE /* Debug */ = {
			isa = XCBuildConfiguration;
			buildSettings = {
				"CODE_SIGN_IDENTITY[sdk=iphoneos*]" = "iPhone Developer";
				COMPRESS_PNG_FILES = NO;
				GCC_PRECOMPILE_PREFIX_HEADER = YES;
				GCC_PREFIX_HEADER = "SourceIOS/MinimalReplaceMe-Prefix.pch";
				"GCC_THUMB_SUPPORT[arch=armv6]" = "";
				INFOPLIST_FILE = "SourceIOS/MinimalReplaceMe-Info.plist";
				IPHONEOS_DEPLOYMENT_TARGET = 4.3;
				PRODUCT_NAME = MinimalReplaceMe;
				"PROVISIONING_PROFILE[sdk=iphoneos*]" = "";
				TARGETED_DEVICE_FAMILY = "1,2";
				USER_HEADER_SEARCH_PATHS = "./SourceCommon .";
				WRAPPER_EXTENSION = app;
			};
			name = Debug;
		};
		BF267D29151B68C6009458AE /* Release */ = {
			isa = XCBuildConfiguration;
			buildSettings = {
				"CODE_SIGN_IDENTITY[sdk=iphoneos*]" = "iPhone Developer";
				COMPRESS_PNG_FILES = NO;
				GCC_PRECOMPILE_PREFIX_HEADER = YES;
				GCC_PREFIX_HEADER = "SourceIOS/MinimalReplaceMe-Prefix.pch";
				"GCC_THUMB_SUPPORT[arch=armv6]" = "";
				INFOPLIST_FILE = "SourceIOS/MinimalReplaceMe-Info.plist";
				IPHONEOS_DEPLOYMENT_TARGET = 4.3;
				PRODUCT_NAME = MinimalReplaceMe;
				"PROVISIONING_PROFILE[sdk=iphoneos*]" = "";
				TARGETED_DEVICE_FAMILY = "1,2";
				USER_HEADER_SEARCH_PATHS = "./SourceCommon .";
				WRAPPER_EXTENSION = app;
			};
			name = Release;
		};
/* End XCBuildConfiguration section */

/* Begin XCConfigurationList section */
		BF267CF8151B68C6009458AE /* Build configuration list for PBXProject "MinimalReplaceMe" */ = {
			isa = XCConfigurationList;
			buildConfigurations = (
				BF267D25151B68C6009458AE /* Debug */,
				BF267D26151B68C6009458AE /* Release */,
			);
			defaultConfigurationIsVisible = 0;
			defaultConfigurationName = Release;
		};
		BF267D27151B68C6009458AE /* Build configuration list for PBXNativeTarget "MinimalReplaceMe" */ = {
			isa = XCConfigurationList;
			buildConfigurations = (
				BF267D28151B68C6009458AE /* Debug */,
				BF267D29151B68C6009458AE /* Release */,
			);
			defaultConfigurationIsVisible = 0;
			defaultConfigurationName = Release;
		};
/* End XCConfigurationList section */
	};
	rootObject = BF267CF5151B68C6009458AE /* Project object */;
}
